
Microsoft Visual Studio Solution File, Format Version 12.00
# Visual Studio Version 16
VisualStudioVersion = 16.0.28803.352
MinimumVisualStudioVersion = 10.0.40219.1
Project("{9A19103F-16F7-4668-BE54-9A1E7A4F7556}") = "homeBudget", "homeBudget\homeBudget.csproj", "{76E09F5C-AB98-40C0-B590-16B66065C419}"
EndProject
Project("{9A19103F-16F7-4668-BE54-9A1E7A4F7556}") = "homeBudget.Tests", "homeBudget.Tests\homeBudget.Tests.csproj", "{C7D5A22B-2E9A-4F1B-AB0F-0962EF18329F}"
EndProject
Global
	GlobalSection(SolutionConfigurationPlatforms) = preSolution
		Debug|Any CPU = Debug|Any CPU
		Release|Any CPU = Release|Any CPU
	EndGlobalSection
	GlobalSection(ProjectConfigurationPlatforms) = postSolution
		{76E09F5C-AB98-40C0-B590-16B66065C419}.Debug|Any CPU.ActiveCfg = Debug|Any CPU
		{76E09F5C-AB98-40C0-B590-16B66065C419}.Debug|Any CPU.Build.0 = Debug|Any CPU
		{76E09F5C-AB98-40C0-B590-16B66065C419}.Release|Any CPU.ActiveCfg = Release|Any CPU
		{76E09F5C-AB98-40C0-B590-16B66065C419}.Release|Any CPU.Build.0 = Release|Any CPU
		{C7D5A22B-2E9A-4F1B-AB0F-0962EF18329F}.Debug|Any CPU.ActiveCfg = Debug|Any CPU
		{C7D5A22B-2E9A-4F1B-AB0F-0962EF18329F}.Debug|Any CPU.Build.0 = Debug|Any CPU
		{C7D5A22B-2E9A-4F1B-AB0F-0962EF18329F}.Release|Any CPU.ActiveCfg = Release|Any CPU
		{C7D5A22B-2E9A-4F1B-AB0F-0962EF18329F}.Release|Any CPU.Build.0 = Release|Any CPU
	EndGlobalSection
	GlobalSection(SolutionProperties) = preSolution
		HideSolutionNode = FALSE
	EndGlobalSection
	GlobalSection(ExtensibilityGlobals) = postSolution
		SolutionGuid = {95263E39-8655-4D21-9C7E-342F65127749}
	EndGlobalSection
EndGlobal
